{
    "name": "heroku-cra-node",
    "version": "1.0.0",
    "lockfileVersion": 1,
    "requires": true,
    "dependencies": {
        "jwt-simple": {
            "version": "0.5.1",
            "resolved": "https://registry.npmjs.org/jwt-simple/-/jwt-simple-0.5.1.tgz",
            "integrity": "sha1-eeoBiRth3mto4T5nwLS1vak3spQ="
        },
        "moment": {
            "version": "2.18.1",
            "resolved": "https://registry.npmjs.org/moment/-/moment-2.18.1.tgz",
            "integrity": "sha1-w2GT3Tzhwu7SrbfIAtu8d6gbHA8="
        }
    }
}
